<?xml version="1.0" encoding="UTF-8" standalone="yes" ?>
<CodeBlocks_project_file>
	<FileVersion major="1" minor="6" />
	<Project>
		<Option title="trabalho" />
		<Option pch_mode="2" />
		<Option compiler="gcc" />
		<Build>
			<Target title="Debug">
				<Option output="bin/Debug/trabalho" prefix_auto="1" extension_auto="1" />
				<Option object_output="obj/Debug/" />
				<Option type="1" />
				<Option compiler="gcc" />
				<Compiler>
					<Add option="-g" />
				</Compiler>
			</Target>
			<Target title="Release">
				<Option output="bin/Release/trabalho" prefix_auto="1" extension_auto="1" />
				<Option object_output="obj/Release/" />
				<Option type="1" />
				<Option compiler="gcc" />
				<Compiler>
					<Add option="-O2" />
				</Compiler>
				<Linker>
					<Add option="-s" />
				</Linker>
			</Target>
		</Build>
		<Compiler>
			<Add option="-Wall" />
		</Compiler>
		<Unit filename="bolha.c">
			<Option compilerVar="CC" />
		</Unit>
		<Unit filename="bolha.h" />
		<Unit filename="bolhaParada.c">
			<Option compilerVar="CC" />
		</Unit>
		<Unit filename="bolhaParada.h" />
		<Unit filename="bucketsort.c">
			<Option compilerVar="CC" />
		</Unit>
		<Unit filename="bucketsort.h" />
		<Unit filename="geradorSequencia.c">
			<Option compilerVar="CC" />
		</Unit>
		<Unit filename="geradorSequencia.h" />
		<Unit filename="heapsort.c">
			<Option compilerVar="CC" />
		</Unit>
		<Unit filename="heapsort.h" />
		<Unit filename="insercaoBinaria.c">
			<Option compilerVar="CC" />
		</Unit>
		<Unit filename="insercaoBinaria.h" />
		<Unit filename="insercaoDireta.c">
			<Option compilerVar="CC" />
		</Unit>
		<Unit filename="insercaoDireta.h" />
		<Unit filename="main.c">
			<Option compilerVar="CC" />
		</Unit>
		<Unit filename="mergesort.c">
			<Option compilerVar="CC" />
		</Unit>
		<Unit filename="mergesort.h" />
		<Unit filename="quicksortCentro.c">
			<Option compilerVar="CC" />
		</Unit>
		<Unit filename="quicksortCentro.h" />
		<Unit filename="quicksortIni.c">
			<Option compilerVar="CC" />
		</Unit>
		<Unit filename="quicksortIni.h" />
		<Unit filename="quicksortMediana.c">
			<Option compilerVar="CC" />
		</Unit>
		<Unit filename="quicksortMediana.h" />
		<Unit filename="radixsort.c">
			<Option compilerVar="CC" />
		</Unit>
		<Unit filename="radixsort.h" />
		<Unit filename="selecaoDireta.c">
			<Option compilerVar="CC" />
		</Unit>
		<Unit filename="selecaoDireta.h" />
		<Unit filename="shellsort.c">
			<Option compilerVar="CC" />
		</Unit>
		<Unit filename="shellsort.h" />
		<Extensions>
			<lib_finder disable_auto="1" />
		</Extensions>
	</Project>
</CodeBlocks_project_file>
